
Microsoft Visual Studio Solution File, Format Version 12.00
# Visual Studio 15
VisualStudioVersion = 15.0.27130.2010
MinimumVisualStudioVersion = 10.0.40219.1
Project("{9A19103F-16F7-4668-BE54-9A1E7A4F7556}") = "Singleton", "Singleton\Singleton.csproj", "{17741551-B1AF-4DBE-9E05-6E0DC7342F48}"
EndProject
Project("{9A19103F-16F7-4668-BE54-9A1E7A4F7556}") = "FactoryMethod", "FactoryMethod\FactoryMethod.csproj", "{4F35C0B0-6C11-4A73-A9F9-7B805FD74513}"
EndProject
Project("{FAE04EC0-301F-11D3-BF4B-00C04F79EFBC}") = "Observer", "Observer\Observer.csproj", "{FCF9EA65-0D3A-4F57-B66F-92F4BCD43CAF}"
EndProject
Global
	GlobalSection(SolutionConfigurationPlatforms) = preSolution
		Debug|Any CPU = Debug|Any CPU
		Release|Any CPU = Release|Any CPU
	EndGlobalSection
	GlobalSection(ProjectConfigurationPlatforms) = postSolution
		{17741551-B1AF-4DBE-9E05-6E0DC7342F48}.Debug|Any CPU.ActiveCfg = Debug|Any CPU
		{17741551-B1AF-4DBE-9E05-6E0DC7342F48}.Debug|Any CPU.Build.0 = Debug|Any CPU
		{17741551-B1AF-4DBE-9E05-6E0DC7342F48}.Release|Any CPU.ActiveCfg = Release|Any CPU
		{17741551-B1AF-4DBE-9E05-6E0DC7342F48}.Release|Any CPU.Build.0 = Release|Any CPU
		{4F35C0B0-6C11-4A73-A9F9-7B805FD74513}.Debug|Any CPU.ActiveCfg = Debug|Any CPU
		{4F35C0B0-6C11-4A73-A9F9-7B805FD74513}.Debug|Any CPU.Build.0 = Debug|Any CPU
		{4F35C0B0-6C11-4A73-A9F9-7B805FD74513}.Release|Any CPU.ActiveCfg = Release|Any CPU
		{4F35C0B0-6C11-4A73-A9F9-7B805FD74513}.Release|Any CPU.Build.0 = Release|Any CPU
		{FCF9EA65-0D3A-4F57-B66F-92F4BCD43CAF}.Debug|Any CPU.ActiveCfg = Debug|Any CPU
		{FCF9EA65-0D3A-4F57-B66F-92F4BCD43CAF}.Debug|Any CPU.Build.0 = Debug|Any CPU
		{FCF9EA65-0D3A-4F57-B66F-92F4BCD43CAF}.Release|Any CPU.ActiveCfg = Release|Any CPU
		{FCF9EA65-0D3A-4F57-B66F-92F4BCD43CAF}.Release|Any CPU.Build.0 = Release|Any CPU
	EndGlobalSection
	GlobalSection(SolutionProperties) = preSolution
		HideSolutionNode = FALSE
	EndGlobalSection
	GlobalSection(ExtensibilityGlobals) = postSolution
		SolutionGuid = {D0C975D2-3476-4280-9894-B161A5FC2586}
	EndGlobalSection
EndGlobal
